
Microsoft Visual Studio Solution File, Format Version 12.00
# Visual Studio 2012
Project("{FAE04EC0-301F-11D3-BF4B-00C04F79EFBC}") = "HttpClientTest2", "HttpClientTest2\HttpClientTest2.csproj", "{48903C10-5293-466D-BB3A-6C7CC2C6C959}"
EndProject
Project("{FAE04EC0-301F-11D3-BF4B-00C04F79EFBC}") = "PCL", "PCL\PCL.csproj", "{621E6664-B8C0-4686-8B63-E26179D140A7}"
EndProject
Global
	GlobalSection(SolutionConfigurationPlatforms) = preSolution
		Debug|iPhoneSimulator = Debug|iPhoneSimulator
		Release|iPhoneSimulator = Release|iPhoneSimulator
		Debug|iPhone = Debug|iPhone
		Release|iPhone = Release|iPhone
		Ad-Hoc|iPhone = Ad-Hoc|iPhone
		AppStore|iPhone = AppStore|iPhone
	EndGlobalSection
	GlobalSection(ProjectConfigurationPlatforms) = postSolution
		{48903C10-5293-466D-BB3A-6C7CC2C6C959}.Ad-Hoc|iPhone.ActiveCfg = Ad-Hoc|iPhone
		{48903C10-5293-466D-BB3A-6C7CC2C6C959}.Ad-Hoc|iPhone.Build.0 = Ad-Hoc|iPhone
		{48903C10-5293-466D-BB3A-6C7CC2C6C959}.AppStore|iPhone.ActiveCfg = AppStore|iPhone
		{48903C10-5293-466D-BB3A-6C7CC2C6C959}.AppStore|iPhone.Build.0 = AppStore|iPhone
		{48903C10-5293-466D-BB3A-6C7CC2C6C959}.Debug|iPhone.ActiveCfg = Debug|iPhone
		{48903C10-5293-466D-BB3A-6C7CC2C6C959}.Debug|iPhone.Build.0 = Debug|iPhone
		{48903C10-5293-466D-BB3A-6C7CC2C6C959}.Debug|iPhoneSimulator.ActiveCfg = Debug|iPhoneSimulator
		{48903C10-5293-466D-BB3A-6C7CC2C6C959}.Debug|iPhoneSimulator.Build.0 = Debug|iPhoneSimulator
		{48903C10-5293-466D-BB3A-6C7CC2C6C959}.Release|iPhone.ActiveCfg = Release|iPhone
		{48903C10-5293-466D-BB3A-6C7CC2C6C959}.Release|iPhone.Build.0 = Release|iPhone
		{48903C10-5293-466D-BB3A-6C7CC2C6C959}.Release|iPhoneSimulator.ActiveCfg = Release|iPhoneSimulator
		{48903C10-5293-466D-BB3A-6C7CC2C6C959}.Release|iPhoneSimulator.Build.0 = Release|iPhoneSimulator
		{621E6664-B8C0-4686-8B63-E26179D140A7}.Ad-Hoc|iPhone.ActiveCfg = Release|Any CPU
		{621E6664-B8C0-4686-8B63-E26179D140A7}.Ad-Hoc|iPhone.Build.0 = Release|Any CPU
		{621E6664-B8C0-4686-8B63-E26179D140A7}.AppStore|iPhone.ActiveCfg = Release|Any CPU
		{621E6664-B8C0-4686-8B63-E26179D140A7}.AppStore|iPhone.Build.0 = Release|Any CPU
		{621E6664-B8C0-4686-8B63-E26179D140A7}.Debug|iPhone.ActiveCfg = Debug|Any CPU
		{621E6664-B8C0-4686-8B63-E26179D140A7}.Debug|iPhone.Build.0 = Debug|Any CPU
		{621E6664-B8C0-4686-8B63-E26179D140A7}.Debug|iPhoneSimulator.ActiveCfg = Debug|Any CPU
		{621E6664-B8C0-4686-8B63-E26179D140A7}.Debug|iPhoneSimulator.Build.0 = Debug|Any CPU
		{621E6664-B8C0-4686-8B63-E26179D140A7}.Release|iPhone.ActiveCfg = Release|Any CPU
		{621E6664-B8C0-4686-8B63-E26179D140A7}.Release|iPhone.Build.0 = Release|Any CPU
		{621E6664-B8C0-4686-8B63-E26179D140A7}.Release|iPhoneSimulator.ActiveCfg = Release|Any CPU
		{621E6664-B8C0-4686-8B63-E26179D140A7}.Release|iPhoneSimulator.Build.0 = Release|Any CPU
	EndGlobalSection
	GlobalSection(MonoDevelopProperties) = preSolution
		StartupItem = HttpClientTest2\HttpClientTest2.csproj
	EndGlobalSection
EndGlobal
